
Microsoft Visual Studio Solution File, Format Version 12.00
# Visual Studio 15
VisualStudioVersion = 15.0.26430.6
MinimumVisualStudioVersion = 10.0.40219.1
Project("{2150E333-8FDC-42A3-9474-1A3956D46DE8}") = "src", "src", "{A59B302C-5FCC-49F8-8487-7C766864B04C}"
EndProject
Project("{2150E333-8FDC-42A3-9474-1A3956D46DE8}") = "Solution Items", "Solution Items", "{67244008-54D0-4D0E-B7E1-6BBC82CF1A46}"
	ProjectSection(SolutionItems) = preProject
		global.json = global.json
		README.md = README.md
	EndProjectSection
EndProject
Project("{9A19103F-16F7-4668-BE54-9A1E7A4F7556}") = "VAF.Aktivitetsbank.API", "src\VAF.Aktivitetsbank.API\VAF.Aktivitetsbank.API.csproj", "{5F2BD1E4-8488-4F99-8358-0E0B441E1E09}"
EndProject
Project("{9A19103F-16F7-4668-BE54-9A1E7A4F7556}") = "VAF.Aktivitetsbank.Application", "src\VAF.Aktivitetsbank.Application\VAF.Aktivitetsbank.Application.csproj", "{80F03479-F11F-4A0E-8C4F-45D90F1E0F3A}"
EndProject
Project("{9A19103F-16F7-4668-BE54-9A1E7A4F7556}") = "VAF.Aktivitetsbank.Domain", "src\VAF.Aktivitetsbank.Domain\VAF.Aktivitetsbank.Domain.csproj", "{A8EEB756-B9C8-4671-A7AC-616BEF2BB71B}"
EndProject
Project("{9A19103F-16F7-4668-BE54-9A1E7A4F7556}") = "VAF.Aktivitetsbank.Infrastructure", "src\VAF.Aktivitetsbank.Infrastructure\VAF.Aktivitetsbank.Infrastructure.csproj", "{53733DAF-19CC-4FE9-B87B-18171BAEB679}"
EndProject
Project("{FAE04EC0-301F-11D3-BF4B-00C04F79EFBC}") = "VAF.Aktivitetsbank.Data", "src\VAF.Aktivitetsbank.Data\VAF.Aktivitetsbank.Data.csproj", "{BD07AD0F-5822-48B0-BDAF-5C9FFF617ADE}"
EndProject
Project("{FAE04EC0-301F-11D3-BF4B-00C04F79EFBC}") = "VAF.Aktivitetsbank.Data.UI", "src\VAF.Aktivitetsbank.Data.UI\VAF.Aktivitetsbank.Data.UI.csproj", "{FE7976C1-94B2-4445-B864-F316A439BC98}"
EndProject
Project("{FAE04EC0-301F-11D3-BF4B-00C04F79EFBC}") = "VAF.Aktivitetsbank.Data.Migrations", "src\VAF.Aktivitetsbank.Data.Migrations\VAF.Aktivitetsbank.Data.Migrations.csproj", "{FB202F1F-54F1-4B94-AAC4-81F14D1D1F7E}"
EndProject
Global
	GlobalSection(SolutionConfigurationPlatforms) = preSolution
		Debug|Any CPU = Debug|Any CPU
		Release|Any CPU = Release|Any CPU
	EndGlobalSection
	GlobalSection(ProjectConfigurationPlatforms) = postSolution
		{5F2BD1E4-8488-4F99-8358-0E0B441E1E09}.Debug|Any CPU.ActiveCfg = Debug|Any CPU
		{5F2BD1E4-8488-4F99-8358-0E0B441E1E09}.Debug|Any CPU.Build.0 = Debug|Any CPU
		{5F2BD1E4-8488-4F99-8358-0E0B441E1E09}.Release|Any CPU.ActiveCfg = Release|Any CPU
		{5F2BD1E4-8488-4F99-8358-0E0B441E1E09}.Release|Any CPU.Build.0 = Release|Any CPU
		{80F03479-F11F-4A0E-8C4F-45D90F1E0F3A}.Debug|Any CPU.ActiveCfg = Debug|Any CPU
		{80F03479-F11F-4A0E-8C4F-45D90F1E0F3A}.Debug|Any CPU.Build.0 = Debug|Any CPU
		{80F03479-F11F-4A0E-8C4F-45D90F1E0F3A}.Release|Any CPU.ActiveCfg = Release|Any CPU
		{80F03479-F11F-4A0E-8C4F-45D90F1E0F3A}.Release|Any CPU.Build.0 = Release|Any CPU
		{A8EEB756-B9C8-4671-A7AC-616BEF2BB71B}.Debug|Any CPU.ActiveCfg = Debug|Any CPU
		{A8EEB756-B9C8-4671-A7AC-616BEF2BB71B}.Debug|Any CPU.Build.0 = Debug|Any CPU
		{A8EEB756-B9C8-4671-A7AC-616BEF2BB71B}.Release|Any CPU.ActiveCfg = Release|Any CPU
		{A8EEB756-B9C8-4671-A7AC-616BEF2BB71B}.Release|Any CPU.Build.0 = Release|Any CPU
		{53733DAF-19CC-4FE9-B87B-18171BAEB679}.Debug|Any CPU.ActiveCfg = Debug|Any CPU
		{53733DAF-19CC-4FE9-B87B-18171BAEB679}.Debug|Any CPU.Build.0 = Debug|Any CPU
		{53733DAF-19CC-4FE9-B87B-18171BAEB679}.Release|Any CPU.ActiveCfg = Release|Any CPU
		{53733DAF-19CC-4FE9-B87B-18171BAEB679}.Release|Any CPU.Build.0 = Release|Any CPU
		{BD07AD0F-5822-48B0-BDAF-5C9FFF617ADE}.Debug|Any CPU.ActiveCfg = Debug|Any CPU
		{BD07AD0F-5822-48B0-BDAF-5C9FFF617ADE}.Debug|Any CPU.Build.0 = Debug|Any CPU
		{BD07AD0F-5822-48B0-BDAF-5C9FFF617ADE}.Release|Any CPU.ActiveCfg = Release|Any CPU
		{BD07AD0F-5822-48B0-BDAF-5C9FFF617ADE}.Release|Any CPU.Build.0 = Release|Any CPU
		{FE7976C1-94B2-4445-B864-F316A439BC98}.Debug|Any CPU.ActiveCfg = Debug|Any CPU
		{FE7976C1-94B2-4445-B864-F316A439BC98}.Debug|Any CPU.Build.0 = Debug|Any CPU
		{FE7976C1-94B2-4445-B864-F316A439BC98}.Release|Any CPU.ActiveCfg = Release|Any CPU
		{FE7976C1-94B2-4445-B864-F316A439BC98}.Release|Any CPU.Build.0 = Release|Any CPU
		{FB202F1F-54F1-4B94-AAC4-81F14D1D1F7E}.Debug|Any CPU.ActiveCfg = Debug|Any CPU
		{FB202F1F-54F1-4B94-AAC4-81F14D1D1F7E}.Debug|Any CPU.Build.0 = Debug|Any CPU
		{FB202F1F-54F1-4B94-AAC4-81F14D1D1F7E}.Release|Any CPU.ActiveCfg = Release|Any CPU
		{FB202F1F-54F1-4B94-AAC4-81F14D1D1F7E}.Release|Any CPU.Build.0 = Release|Any CPU
	EndGlobalSection
	GlobalSection(SolutionProperties) = preSolution
		HideSolutionNode = FALSE
	EndGlobalSection
	GlobalSection(NestedProjects) = preSolution
		{5F2BD1E4-8488-4F99-8358-0E0B441E1E09} = {A59B302C-5FCC-49F8-8487-7C766864B04C}
		{80F03479-F11F-4A0E-8C4F-45D90F1E0F3A} = {A59B302C-5FCC-49F8-8487-7C766864B04C}
		{A8EEB756-B9C8-4671-A7AC-616BEF2BB71B} = {A59B302C-5FCC-49F8-8487-7C766864B04C}
		{53733DAF-19CC-4FE9-B87B-18171BAEB679} = {A59B302C-5FCC-49F8-8487-7C766864B04C}
		{BD07AD0F-5822-48B0-BDAF-5C9FFF617ADE} = {A59B302C-5FCC-49F8-8487-7C766864B04C}
		{FE7976C1-94B2-4445-B864-F316A439BC98} = {A59B302C-5FCC-49F8-8487-7C766864B04C}
		{FB202F1F-54F1-4B94-AAC4-81F14D1D1F7E} = {A59B302C-5FCC-49F8-8487-7C766864B04C}
	EndGlobalSection
EndGlobal
